
Microsoft Visual Studio Solution File, Format Version 12.00
# Visual Studio Version 17
VisualStudioVersion = 17.5.33530.505
MinimumVisualStudioVersion = 10.0.40219.1
Project("{FAE04EC0-301F-11D3-BF4B-00C04F79EFBC}") = "LogAnonymizer", "LogAnonymizer\LogAnonymizer.csproj", "{1DB1C92C-5398-4033-80BA-06E298A692DF}"
EndProject
Global
	GlobalSection(SolutionConfigurationPlatforms) = preSolution
		Debug|Any CPU = Debug|Any CPU
		Release|Any CPU = Release|Any CPU
	EndGlobalSection
	GlobalSection(ProjectConfigurationPlatforms) = postSolution
		{1DB1C92C-5398-4033-80BA-06E298A692DF}.Debug|Any CPU.ActiveCfg = Debug|Any CPU
		{1DB1C92C-5398-4033-80BA-06E298A692DF}.Debug|Any CPU.Build.0 = Debug|Any CPU
		{1DB1C92C-5398-4033-80BA-06E298A692DF}.Release|Any CPU.ActiveCfg = Release|Any CPU
		{1DB1C92C-5398-4033-80BA-06E298A692DF}.Release|Any CPU.Build.0 = Release|Any CPU
	EndGlobalSection
	GlobalSection(SolutionProperties) = preSolution
		HideSolutionNode = FALSE
	EndGlobalSection
	GlobalSection(ExtensibilityGlobals) = postSolution
		SolutionGuid = {19AD1F76-7B5C-45DF-A301-4F36C1DABDC4}
	EndGlobalSection
EndGlobal
